{
  "version": 4,
  "terraform_version": "1.1.0",
  "serial": 7,
  "lineage": "04421151-ee18-8b74-ac72-ede1bbf819d8",
  "outputs": {},
  "resources": [
    {
      "mode": "managed",
      "type": "applet",
      "name": "anxiety",
      "provider": "provider[\"lifeomic.com/tf/appstore\"]",
      "instances": [
        {
          "schema_version": 0,
          "attributes": {
            "author_display": "LifeOmic",
            "description": "Some fancy description, with edits",
            "id": "d803c4d5-b9c8-4ecf-a214-798bd363f672",
            "image": "https://lifeapplets.dev.lifeomic.com/anxiety/icon-240.png",
            "name": "Anxiety Applet",
            "url": "https://lifeapplets.dev.lifeomic.com/anxiety/"
          },
          "sensitive_attributes": [],
          "private": "bnVsbA=="
        }
      ]
    }
  ]
}
